Microsoft Visual Studio Solution File, Format Version 11.00
# Visual Studio 2010
Project("{FAE04EC0-301F-11D3-BF4B-00C04F79EFBC}") = "Assembly-CSharp", "Assembly-CSharp.csproj", "{6DA3878B-0D39-058E-E8E8-B52C12D68717}"
EndProject
Project("{FAE04EC0-301F-11D3-BF4B-00C04F79EFBC}") = "Assembly-CSharp-Editor", "Assembly-CSharp-Editor.csproj", "{5BE418A9-938B-6051-96B8-D33429A5F597}"
EndProject
Global
	GlobalSection(SolutionConfigurationPlatforms) = preSolution
		Debug|Any CPU = Debug|Any CPU
		Release|Any CPU = Release|Any CPU
	EndGlobalSection
	GlobalSection(ProjectConfigurationPlatforms) = postSolution
		{6DA3878B-0D39-058E-E8E8-B52C12D68717}.Debug|Any CPU.ActiveCfg = Debug|Any CPU
		{6DA3878B-0D39-058E-E8E8-B52C12D68717}.Debug|Any CPU.Build.0 = Debug|Any CPU
		{6DA3878B-0D39-058E-E8E8-B52C12D68717}.Release|Any CPU.ActiveCfg = Release|Any CPU
		{6DA3878B-0D39-058E-E8E8-B52C12D68717}.Release|Any CPU.Build.0 = Release|Any CPU
		{5BE418A9-938B-6051-96B8-D33429A5F597}.Debug|Any CPU.ActiveCfg = Debug|Any CPU
		{5BE418A9-938B-6051-96B8-D33429A5F597}.Debug|Any CPU.Build.0 = Debug|Any CPU
		{5BE418A9-938B-6051-96B8-D33429A5F597}.Release|Any CPU.ActiveCfg = Release|Any CPU
		{5BE418A9-938B-6051-96B8-D33429A5F597}.Release|Any CPU.Build.0 = Release|Any CPU
	EndGlobalSection
	GlobalSection(SolutionProperties) = preSolution
		HideSolutionNode = FALSE
	EndGlobalSection
	GlobalSection(MonoDevelopProperties) = preSolution
		StartupItem = Assembly-CSharp.csproj
	EndGlobalSection
EndGlobal
